
Microsoft Visual Studio Solution File, Format Version 12.00
# Visual Studio Version 17
VisualStudioVersion = 17.0.31903.59
MinimumVisualStudioVersion = 10.0.40219.1
Project("{2150E333-8FDC-42A3-9474-1A3956D46DE8}") = "src", "src", "{7F4778FD-AA88-49BD-AD99-989F23750272}"
EndProject
Project("{FAE04EC0-301F-11D3-BF4B-00C04F79EFBC}") = "SaaS.Api", "src\SaaS.Api\SaaS.Api.csproj", "{3057F827-9215-4E09-92AC-6B69D2B3D08E}"
EndProject
Project("{FAE04EC0-301F-11D3-BF4B-00C04F79EFBC}") = "SaaS.Application", "src\SaaS.Application\SaaS.Application.csproj", "{05D5B636-BAC3-4F37-B0FD-E5D95D2857C6}"
EndProject
Project("{FAE04EC0-301F-11D3-BF4B-00C04F79EFBC}") = "SaaS.Domain", "src\SaaS.Domain\SaaS.Domain.csproj", "{A128FDD8-DFC1-4623-8285-C6D5AAB67687}"
EndProject
Project("{FAE04EC0-301F-11D3-BF4B-00C04F79EFBC}") = "SaaS.Infrastructure", "src\SaaS.Infrastructure\SaaS.Infrastructure.csproj", "{7CDDC37E-A8B1-462C-B2A4-4C2DEB598608}"
EndProject
Project("{FAE04EC0-301F-11D3-BF4B-00C04F79EFBC}") = "SaaS.Persistence", "src\SaaS.Persistence\SaaS.Persistence.csproj", "{DDF4E5FD-1742-431E-8260-9BDBD1392EAB}"
EndProject
Project("{FAE04EC0-301F-11D3-BF4B-00C04F79EFBC}") = "SaaS.Contracts", "src\SaaS.Contracts\SaaS.Contracts.csproj", "{4D7DF9D6-307F-4AD2-B3AC-4768C57A94C1}"
EndProject
Project("{FAE04EC0-301F-11D3-BF4B-00C04F79EFBC}") = "SaaS.SharedKernel", "src\SaaS.SharedKernel\SaaS.SharedKernel.csproj", "{016AE991-45D1-4D42-A35F-7A8920F38761}"
EndProject
Project("{2150E333-8FDC-42A3-9474-1A3956D46DE8}") = "tests", "tests", "{5EADE090-A0CC-4BF5-B640-6C378F5FC5EA}"
EndProject
Project("{FAE04EC0-301F-11D3-BF4B-00C04F79EFBC}") = "SaaS.Application.Tests", "tests\SaaS.Application.Tests\SaaS.Application.Tests.csproj", "{2FD3D401-139F-4809-9EC2-2F4B16B24BCB}"
EndProject
Project("{FAE04EC0-301F-11D3-BF4B-00C04F79EFBC}") = "SaaS.Domain.Tests", "tests\SaaS.Domain.Tests\SaaS.Domain.Tests.csproj", "{D47FFCAA-8017-48F0-9FE1-AEE8A4685FD8}"
EndProject
Global
	GlobalSection(SolutionConfigurationPlatforms) = preSolution
		Debug|Any CPU = Debug|Any CPU
		Release|Any CPU = Release|Any CPU
	EndGlobalSection
	GlobalSection(SolutionProperties) = preSolution
		HideSolutionNode = FALSE
	EndGlobalSection
	GlobalSection(ProjectConfigurationPlatforms) = postSolution
		{3057F827-9215-4E09-92AC-6B69D2B3D08E}.Debug|Any CPU.ActiveCfg = Debug|Any CPU
		{3057F827-9215-4E09-92AC-6B69D2B3D08E}.Debug|Any CPU.Build.0 = Debug|Any CPU
		{3057F827-9215-4E09-92AC-6B69D2B3D08E}.Release|Any CPU.ActiveCfg = Release|Any CPU
		{3057F827-9215-4E09-92AC-6B69D2B3D08E}.Release|Any CPU.Build.0 = Release|Any CPU
		{05D5B636-BAC3-4F37-B0FD-E5D95D2857C6}.Debug|Any CPU.ActiveCfg = Debug|Any CPU
		{05D5B636-BAC3-4F37-B0FD-E5D95D2857C6}.Debug|Any CPU.Build.0 = Debug|Any CPU
		{05D5B636-BAC3-4F37-B0FD-E5D95D2857C6}.Release|Any CPU.ActiveCfg = Release|Any CPU
		{05D5B636-BAC3-4F37-B0FD-E5D95D2857C6}.Release|Any CPU.Build.0 = Release|Any CPU
		{A128FDD8-DFC1-4623-8285-C6D5AAB67687}.Debug|Any CPU.ActiveCfg = Debug|Any CPU
		{A128FDD8-DFC1-4623-8285-C6D5AAB67687}.Debug|Any CPU.Build.0 = Debug|Any CPU
		{A128FDD8-DFC1-4623-8285-C6D5AAB67687}.Release|Any CPU.ActiveCfg = Release|Any CPU
		{A128FDD8-DFC1-4623-8285-C6D5AAB67687}.Release|Any CPU.Build.0 = Release|Any CPU
		{7CDDC37E-A8B1-462C-B2A4-4C2DEB598608}.Debug|Any CPU.ActiveCfg = Debug|Any CPU
		{7CDDC37E-A8B1-462C-B2A4-4C2DEB598608}.Debug|Any CPU.Build.0 = Debug|Any CPU
		{7CDDC37E-A8B1-462C-B2A4-4C2DEB598608}.Release|Any CPU.ActiveCfg = Release|Any CPU
		{7CDDC37E-A8B1-462C-B2A4-4C2DEB598608}.Release|Any CPU.Build.0 = Release|Any CPU
		{DDF4E5FD-1742-431E-8260-9BDBD1392EAB}.Debug|Any CPU.ActiveCfg = Debug|Any CPU
		{DDF4E5FD-1742-431E-8260-9BDBD1392EAB}.Debug|Any CPU.Build.0 = Debug|Any CPU
		{DDF4E5FD-1742-431E-8260-9BDBD1392EAB}.Release|Any CPU.ActiveCfg = Release|Any CPU
		{DDF4E5FD-1742-431E-8260-9BDBD1392EAB}.Release|Any CPU.Build.0 = Release|Any CPU
		{4D7DF9D6-307F-4AD2-B3AC-4768C57A94C1}.Debug|Any CPU.ActiveCfg = Debug|Any CPU
		{4D7DF9D6-307F-4AD2-B3AC-4768C57A94C1}.Debug|Any CPU.Build.0 = Debug|Any CPU
		{4D7DF9D6-307F-4AD2-B3AC-4768C57A94C1}.Release|Any CPU.ActiveCfg = Release|Any CPU
		{4D7DF9D6-307F-4AD2-B3AC-4768C57A94C1}.Release|Any CPU.Build.0 = Release|Any CPU
		{016AE991-45D1-4D42-A35F-7A8920F38761}.Debug|Any CPU.ActiveCfg = Debug|Any CPU
		{016AE991-45D1-4D42-A35F-7A8920F38761}.Debug|Any CPU.Build.0 = Debug|Any CPU
		{016AE991-45D1-4D42-A35F-7A8920F38761}.Release|Any CPU.ActiveCfg = Release|Any CPU
		{016AE991-45D1-4D42-A35F-7A8920F38761}.Release|Any CPU.Build.0 = Release|Any CPU
		{2FD3D401-139F-4809-9EC2-2F4B16B24BCB}.Debug|Any CPU.ActiveCfg = Debug|Any CPU
		{2FD3D401-139F-4809-9EC2-2F4B16B24BCB}.Debug|Any CPU.Build.0 = Debug|Any CPU
		{2FD3D401-139F-4809-9EC2-2F4B16B24BCB}.Release|Any CPU.ActiveCfg = Release|Any CPU
		{2FD3D401-139F-4809-9EC2-2F4B16B24BCB}.Release|Any CPU.Build.0 = Release|Any CPU
		{D47FFCAA-8017-48F0-9FE1-AEE8A4685FD8}.Debug|Any CPU.ActiveCfg = Debug|Any CPU
		{D47FFCAA-8017-48F0-9FE1-AEE8A4685FD8}.Debug|Any CPU.Build.0 = Debug|Any CPU
		{D47FFCAA-8017-48F0-9FE1-AEE8A4685FD8}.Release|Any CPU.ActiveCfg = Release|Any CPU
		{D47FFCAA-8017-48F0-9FE1-AEE8A4685FD8}.Release|Any CPU.Build.0 = Release|Any CPU
	EndGlobalSection
	GlobalSection(NestedProjects) = preSolution
		{3057F827-9215-4E09-92AC-6B69D2B3D08E} = {7F4778FD-AA88-49BD-AD99-989F23750272}
		{05D5B636-BAC3-4F37-B0FD-E5D95D2857C6} = {7F4778FD-AA88-49BD-AD99-989F23750272}
		{A128FDD8-DFC1-4623-8285-C6D5AAB67687} = {7F4778FD-AA88-49BD-AD99-989F23750272}
		{7CDDC37E-A8B1-462C-B2A4-4C2DEB598608} = {7F4778FD-AA88-49BD-AD99-989F23750272}
		{DDF4E5FD-1742-431E-8260-9BDBD1392EAB} = {7F4778FD-AA88-49BD-AD99-989F23750272}
		{4D7DF9D6-307F-4AD2-B3AC-4768C57A94C1} = {7F4778FD-AA88-49BD-AD99-989F23750272}
		{016AE991-45D1-4D42-A35F-7A8920F38761} = {7F4778FD-AA88-49BD-AD99-989F23750272}
		{2FD3D401-139F-4809-9EC2-2F4B16B24BCB} = {5EADE090-A0CC-4BF5-B640-6C378F5FC5EA}
		{D47FFCAA-8017-48F0-9FE1-AEE8A4685FD8} = {5EADE090-A0CC-4BF5-B640-6C378F5FC5EA}
	EndGlobalSection
EndGlobal
